PODS:
  - Flutter (1.0.0)
  - flutter_clipboard_manager (0.0.1):
    - Flutter

DEPENDENCIES:
  - Flutter (from `.symlinks/flutter/ios`)
  - flutter_clipboard_manager (from `.symlinks/plugins/flutter_clipboard_manager/ios`)

EXTERNAL SOURCES:
  Flutter:
    :path: ".symlinks/flutter/ios"
  flutter_clipboard_manager:
    :path: ".symlinks/plugins/flutter_clipboard_manager/ios"

SPEC CHECKSUMS:
  Flutter: 9d0fac939486c9aba2809b7982dfdbb47a7b0296
  flutter_clipboard_manager: d94322675ebaa09aa6d0b9f804b5305b1b5c82de

PODFILE CHECKSUM: ebd43b443038e611b86ede96e613bd6033c49497

COCOAPODS: 1.5.3
